github.com/jfk9w-go/flu v0.9.0 h1:YsK+4PxRJt0PisMVbsBXxVn8IN05zwkZAdMce6dip+0=
github.com/jfk9w-go/flu v0.9.0/go.mod h1:WD4sHpw1iYqFbNtI1IM7Y5h2Q+dkz/ClcM3NjsnezpE=
github.com/jfk9w-go/lego v0.9.0 h1:W01ZUKQYQgBXugV56D5zmmxx4s8XaCnXd9xXbMyTtyY=
github.com/jfk9w-go/lego v0.9.0/go.mod h1:43+RUBpYD1/CQ03G5Cnd0EwDCnQr5m+FuK+gFpoUDuI=
