github.com/jfk9w-go/flu v0.9.7 h1:nxCO1uyqB11VW6oEf/MbbWwNo2M6RTUkPoBi0MMlEdw=
github.com/jfk9w-go/flu v0.9.7/go.mod h1:WD4sHpw1iYqFbNtI1IM7Y5h2Q+dkz/ClcM3NjsnezpE=
github.com/jfk9w-go/lego v0.9.6 h1:8Xzk9KqsNM4X/Olyv/oEHKyqFDkhcb4stakXlUC8Rs0=
github.com/jfk9w-go/lego v0.9.6/go.mod h1:43+RUBpYD1/CQ03G5Cnd0EwDCnQr5m+FuK+gFpoUDuI=
